
Microsoft Visual Studio Solution File, Format Version 12.00
# Visual Studio Version 17
VisualStudioVersion = 17.12.35527.113
MinimumVisualStudioVersion = 10.0.40219.1
Project("{FAE04EC0-301F-11D3-BF4B-00C04F79EFBC}") = "FragrantWorld", "FragrantWorld\FragrantWorld.csproj", "{77AA361A-8883-4032-863C-4A1FBC501260}"
EndProject
Project("{FAE04EC0-301F-11D3-BF4B-00C04F79EFBC}") = "ServiceLayer", "ServiceLayer\ServiceLayer.csproj", "{08C20EF3-46A5-48D8-826B-DC17884BB694}"
EndProject
Project("{FAE04EC0-301F-11D3-BF4B-00C04F79EFBC}") = "WebAPI", "WebAPI\WebAPI.csproj", "{5A616ADF-7B0A-4501-B804-FC94BB49DE6F}"
EndProject
Global
	GlobalSection(SolutionConfigurationPlatforms) = preSolution
		Debug|Any CPU = Debug|Any CPU
		Release|Any CPU = Release|Any CPU
	EndGlobalSection
	GlobalSection(ProjectConfigurationPlatforms) = postSolution
		{77AA361A-8883-4032-863C-4A1FBC501260}.Debug|Any CPU.ActiveCfg = Debug|Any CPU
		{77AA361A-8883-4032-863C-4A1FBC501260}.Debug|Any CPU.Build.0 = Debug|Any CPU
		{77AA361A-8883-4032-863C-4A1FBC501260}.Release|Any CPU.ActiveCfg = Release|Any CPU
		{77AA361A-8883-4032-863C-4A1FBC501260}.Release|Any CPU.Build.0 = Release|Any CPU
		{08C20EF3-46A5-48D8-826B-DC17884BB694}.Debug|Any CPU.ActiveCfg = Debug|Any CPU
		{08C20EF3-46A5-48D8-826B-DC17884BB694}.Debug|Any CPU.Build.0 = Debug|Any CPU
		{08C20EF3-46A5-48D8-826B-DC17884BB694}.Release|Any CPU.ActiveCfg = Release|Any CPU
		{08C20EF3-46A5-48D8-826B-DC17884BB694}.Release|Any CPU.Build.0 = Release|Any CPU
		{5A616ADF-7B0A-4501-B804-FC94BB49DE6F}.Debug|Any CPU.ActiveCfg = Debug|Any CPU
		{5A616ADF-7B0A-4501-B804-FC94BB49DE6F}.Debug|Any CPU.Build.0 = Debug|Any CPU
		{5A616ADF-7B0A-4501-B804-FC94BB49DE6F}.Release|Any CPU.ActiveCfg = Release|Any CPU
		{5A616ADF-7B0A-4501-B804-FC94BB49DE6F}.Release|Any CPU.Build.0 = Release|Any CPU
	EndGlobalSection
	GlobalSection(SolutionProperties) = preSolution
		HideSolutionNode = FALSE
	EndGlobalSection
EndGlobal
